// !$*UTF8*$!
{
	archiveVersion = 1;
	classes = {
	};
	objectVersion = 50;
	objects = {

/* Begin PBXBuildFile section */
		CBBA0B9925BC81E800FAF484 /* AppDelegate.swift in Sources */ = {isa = PBXBuildFile; fileRef = CBBA0B9825BC81E800FAF484 /* AppDelegate.swift */; };
		CBBA0B9B25BC81E800FAF484 /* SceneDelegate.swift in Sources */ = {isa = PBXBuildFile; fileRef = CBBA0B9A25BC81E800FAF484 /* SceneDelegate.swift */; };
		CBBA0B9D25BC81E800FAF484 /* ViewController.swift in Sources */ = {isa = PBXBuildFile; fileRef = CBBA0B9C25BC81E800FAF484 /* ViewController.swift */; };
		CBBA0BA025BC81E800FAF484 /* Main.storyboard in Resources */ = {isa = PBXBuildFile; fileRef = CBBA0B9E25BC81E800FAF484 /* Main.storyboard */; };
		CBBA0BA225BC81E900FAF484 /* Assets.xcassets in Resources */ = {isa = PBXBuildFile; fileRef = CBBA0BA125BC81E900FAF484 /* Assets.xcassets */; };
		CBBA0BA525BC81E900FAF484 /* LaunchScreen.storyboard in Resources */ = {isa = PBXBuildFile; fileRef = CBBA0BA325BC81E900FAF484 /* LaunchScreen.storyboard */; };
		CBBA0BB025BC81E900FAF484 /* PreworkTests.swift in Sources */ = {isa = PBXBuildFile; fileRef = CBBA0BAF25BC81E900FAF484 /* PreworkTests.swift */; };
		CBBA0BBB25BC81E900FAF484 /* PreworkUITests.swift in Sources */ = {isa = PBXBuildFile; fileRef = CBBA0BBA25BC81E900FAF484 /* PreworkUITests.swift */; };
/* End PBXBuildFile section */

/* Begin PBXContainerItemProxy section */
		CBBA0BAC25BC81E900FAF484 /* PBXContainerItemProxy */ = {
			isa = PBXContainerItemProxy;
			containerPortal = CBBA0B8D25BC81E800FAF484 /* Project object */;
			proxyType = 1;
			remoteGlobalIDString = CBBA0B9425BC81E800FAF484;
			remoteInfo = Prework;
		};
		CBBA0BB725BC81E900FAF484 /* PBXContainerItemProxy */ = {
			isa = PBXContainerItemProxy;
			containerPortal = CBBA0B8D25BC81E800FAF484 /* Project object */;
			proxyType = 1;
			remoteGlobalIDString = CBBA0B9425BC81E800FAF484;
			remoteInfo = Prework;
		};
/* End PBXContainerItemProxy section */

/* Begin PBXFileReference section */
		CBBA0B9525BC81E800FAF484 /* Prework.app */ = {isa = PBXFileReference; explicitFileType = wrapper.application; includeInIndex = 0; path = Prework.app; sourceTree = BUILT_PRODUCTS_DIR; };
		CBBA0B9825BC81E800FAF484 /* AppDelegate.swift */ = {isa = PBXFileReference; lastKnownFileType = sourcecode.swift; path = AppDelegate.swift; sourceTree = "<group>"; };
		CBBA0B9A25BC81E800FAF484 /* SceneDelegate.swift */ = {isa = PBXFileReference; lastKnownFileType = sourcecode.swift; path = SceneDelegate.swift; sourceTree = "<group>"; };
		CBBA0B9C25BC81E800FAF484 /* ViewController.swift */ = {isa = PBXFileReference; lastKnownFileType = sourcecode.swift; path = ViewController.swift; sourceTree = "<group>"; };
		CBBA0B9F25BC81E800FAF484 /* Base */ = {isa = PBXFileReference; lastKnownFileType = file.storyboard; name = Base; path = Base.lproj/Main.storyboard; sourceTree = "<group>"; };
		CBBA0BA125BC81E900FAF484 /* Assets.xcassets */ = {isa = PBXFileReference; lastKnownFileType = folder.assetcatalog; path = Assets.xcassets; sourceTree = "<group>"; };
		CBBA0BA425BC81E900FAF484 /* Base */ = {isa = PBXFileReference; lastKnownFileType = file.storyboard; name = Base; path = Base.lproj/LaunchScreen.storyboard; sourceTree = "<group>"; };
		CBBA0BA625BC81E900FAF484 /* Info.plist */ = {isa = PBXFileReference; lastKnownFileType = text.plist.xml; path = Info.plist; sourceTree = "<group>"; };
		CBBA0BAB25BC81E900FAF484 /* PreworkTests.xctest */ = {isa = PBXFileReference; explicitFileType = wrapper.cfbundle; includeInIndex = 0; path = PreworkTests.xctest; sourceTree = BUILT_PRODUCTS_DIR; };
		CBBA0BAF25BC81E900FAF484 /* PreworkTests.swift */ = {isa = PBXFileReference; lastKnownFileType = sourcecode.swift; path = PreworkTests.swift; sourceTree = "<group>"; };
		CBBA0BB125BC81E900FAF484 /* Info.plist */ = {isa = PBXFileReference; lastKnownFileType = text.plist.xml; path = Info.plist; sourceTree = "<group>"; };
		CBBA0BB625BC81E900FAF484 /* PreworkUITests.xctest */ = {isa = PBXFileReference; explicitFileType = wrapper.cfbundle; includeInIndex = 0; path = PreworkUITests.xctest; sourceTree = BUILT_PRODUCTS_DIR; };
		CBBA0BBA25BC81E900FAF484 /* PreworkUITests.swift */ = {isa = PBXFileReference; lastKnownFileType = sourcecode.swift; path = PreworkUITests.swift; sourceTree = "<group>"; };
		CBBA0BBC25BC81E900FAF484 /* Info.plist */ = {isa = PBXFileReference; lastKnownFileType = text.plist.xml; path = Info.plist; sourceTree = "<group>"; };
/* End PBXFileReference section */

/* Begin PBXFrameworksBuildPhase section */
		CBBA0B9225BC81E800FAF484 /* Frameworks */ = {
			isa = PBXFrameworksBuildPhase;
			buildActionMask = 2147483647;
			files = (
			);
			runOnlyForDeploymentPostprocessing = 0;
		};
		CBBA0BA825BC81E900FAF484 /* Frameworks */ = {
			isa = PBXFrameworksBuildPhase;
			buildActionMask = 2147483647;
			files = (
			);
			runOnlyForDeploymentPostprocessing = 0;
		};
		CBBA0BB325BC81E900FAF484 /* Frameworks */ = {
			isa = PBXFrameworksBuildPhase;
			buildActionMask = 2147483647;
			files = (
			);
			runOnlyForDeploymentPostprocessing = 0;
		};
/* End PBXFrameworksBuildPhase section */

/* Begin PBXGroup section */
		CBBA0B8C25BC81E800FAF484 = {
			isa = PBXGroup;
			children = (
				CBBA0B9725BC81E800FAF484 /* Prework */,
				CBBA0BAE25BC81E900FAF484 /* PreworkTests */,
				CBBA0BB925BC81E900FAF484 /* PreworkUITests */,
				CBBA0B9625BC81E800FAF484 /* Products */,
			);
			sourceTree = "<group>";
		};
		CBBA0B9625BC81E800FAF484 /* Products */ = {
			isa = PBXGroup;
			children = (
				CBBA0B9525BC81E800FAF484 /* Prework.app */,
				CBBA0BAB25BC81E900FAF484 /* PreworkTests.xctest */,
				CBBA0BB625BC81E900FAF484 /* PreworkUITests.xctest */,
			);
			name = Products;
			sourceTree = "<group>";
		};
		CBBA0B9725BC81E800FAF484 /* Prework */ = {
			isa = PBXGroup;
			children = (
				CBBA0B9825BC81E800FAF484 /* AppDelegate.swift */,
				CBBA0B9A25BC81E800FAF484 /* SceneDelegate.swift */,
				CBBA0B9C25BC81E800FAF484 /* ViewController.swift */,
				CBBA0B9E25BC81E800FAF484 /* Main.storyboard */,
				CBBA0BA125BC81E900FAF484 /* Assets.xcassets */,
				CBBA0BA325BC81E900FAF484 /* LaunchScreen.storyboard */,
				CBBA0BA625BC81E900FAF484 /* Info.plist */,
			);
			path = Prework;
			sourceTree = "<group>";
		};
		CBBA0BAE25BC81E900FAF484 /* PreworkTests */ = {
			isa = PBXGroup;
			children = (
				CBBA0BAF25BC81E900FAF484 /* PreworkTests.swift */,
				CBBA0BB125BC81E900FAF484 /* Info.plist */,
			);
			path = PreworkTests;
			sourceTree = "<group>";
		};
		CBBA0BB925BC81E900FAF484 /* PreworkUITests */ = {
			isa = PBXGroup;
			children = (
				CBBA0BBA25BC81E900FAF484 /* PreworkUITests.swift */,
				CBBA0BBC25BC81E900FAF484 /* Info.plist */,
			);
			path = PreworkUITests;
			sourceTree = "<group>";
		};
/* End PBXGroup section */

/* Begin PBXNativeTarget section */
		CBBA0B9425BC81E800FAF484 /* Prework */ = {
			isa = PBXNativeTarget;
			buildConfigurationList = CBBA0BBF25BC81E900FAF484 /* Build configuration list for PBXNativeTarget "Prework" */;
			buildPhases = (
				CBBA0B9125BC81E800FAF484 /* Sources */,
				CBBA0B9225BC81E800FAF484 /* Frameworks */,
				CBBA0B9325BC81E800FAF484 /* Resources */,
			);
			buildRules = (
			);
			dependencies = (
			);
			name = Prework;
			productName = Prework;
			productReference = CBBA0B9525BC81E800FAF484 /* Prework.app */;
			productType = "com.apple.product-type.application";
		};
		CBBA0BAA25BC81E900FAF484 /* PreworkTests */ = {
			isa = PBXNativeTarget;
			buildConfigurationList = CBBA0BC225BC81E900FAF484 /* Build configuration list for PBXNativeTarget "PreworkTests" */;
			buildPhases = (
				CBBA0BA725BC81E900FAF484 /* Sources */,
				CBBA0BA825BC81E900FAF484 /* Frameworks */,
				CBBA0BA925BC81E900FAF484 /* Resources */,
			);
			buildRules = (
			);
			dependencies = (
				CBBA0BAD25BC81E900FAF484 /* PBXTargetDependency */,
			);
			name = PreworkTests;
			productName = PreworkTests;
			productReference = CBBA0BAB25BC81E900FAF484 /* PreworkTests.xctest */;
			productType = "com.apple.product-type.bundle.unit-test";
		};
		CBBA0BB525BC81E900FAF484 /* PreworkUITests */ = {
			isa = PBXNativeTarget;
			buildConfigurationList = CBBA0BC525BC81E900FAF484 /* Build configuration list for PBXNativeTarget "PreworkUITests" */;
			buildPhases = (
				CBBA0BB225BC81E900FAF484 /* Sources */,
				CBBA0BB325BC81E900FAF484 /* Frameworks */,
				CBBA0BB425BC81E900FAF484 /* Resources */,
			);
			buildRules = (
			);
			dependencies = (
				CBBA0BB825BC81E900FAF484 /* PBXTargetDependency */,
			);
			name = PreworkUITests;
			productName = PreworkUITests;
			productReference = CBBA0BB625BC81E900FAF484 /* PreworkUITests.xctest */;
			productType = "com.apple.product-type.bundle.ui-testing";
		};
/* End PBXNativeTarget section */

/* Begin PBXProject section */
		CBBA0B8D25BC81E800FAF484 /* Project object */ = {
			isa = PBXProject;
			attributes = {
				LastSwiftUpdateCheck = 1230;
				LastUpgradeCheck = 1230;
				TargetAttributes = {
					CBBA0B9425BC81E800FAF484 = {
						CreatedOnToolsVersion = 12.3;
					};
					CBBA0BAA25BC81E900FAF484 = {
						CreatedOnToolsVersion = 12.3;
						TestTargetID = CBBA0B9425BC81E800FAF484;
					};
					CBBA0BB525BC81E900FAF484 = {
						CreatedOnToolsVersion = 12.3;
						TestTargetID = CBBA0B9425BC81E800FAF484;
					};
				};
			};
			buildConfigurationList = CBBA0B9025BC81E800FAF484 /* Build configuration list for PBXProject "Prework" */;
			compatibilityVersion = "Xcode 9.3";
			developmentRegion = en;
			hasScannedForEncodings = 0;
			knownRegions = (
				en,
				Base,
			);
			mainGroup = CBBA0B8C25BC81E800FAF484;
			productRefGroup = CBBA0B9625BC81E800FAF484 /* Products */;
			projectDirPath = "";
			projectRoot = "";
			targets = (
				CBBA0B9425BC81E800FAF484 /* Prework */,
				CBBA0BAA25BC81E900FAF484 /* PreworkTests */,
				CBBA0BB525BC81E900FAF484 /* PreworkUITests */,
			);
		};
/* End PBXProject section */

/* Begin PBXResourcesBuildPhase section */
		CBBA0B9325BC81E800FAF484 /* Resources */ = {
			isa = PBXResourcesBuildPhase;
			buildActionMask = 2147483647;
			files = (
				CBBA0BA525BC81E900FAF484 /* LaunchScreen.storyboard in Resources */,
				CBBA0BA225BC81E900FAF484 /* Assets.xcassets in Resources */,
				CBBA0BA025BC81E800FAF484 /* Main.storyboard in Resources */,
			);
			runOnlyForDeploymentPostprocessing = 0;
		};
		CBBA0BA925BC81E900FAF484 /* Resources */ = {
			isa = PBXResourcesBuildPhase;
			buildActionMask = 2147483647;
			files = (
			);
			runOnlyForDeploymentPostprocessing = 0;
		};
		CBBA0BB425BC81E900FAF484 /* Resources */ = {
			isa = PBXResourcesBuildPhase;
			buildActionMask = 2147483647;
			files = (
			);
			runOnlyForDeploymentPostprocessing = 0;
		};
/* End PBXResourcesBuildPhase section */

/* Begin PBXSourcesBuildPhase section */
		CBBA0B9125BC81E800FAF484 /* Sources */ = {
			isa = PBXSourcesBuildPhase;
			buildActionMask = 2147483647;
			files = (
				CBBA0B9D25BC81E800FAF484 /* ViewController.swift in Sources */,
				CBBA0B9925BC81E800FAF484 /* AppDelegate.swift in Sources */,
				CBBA0B9B25BC81E800FAF484 /* SceneDelegate.swift in Sources */,
			);
			runOnlyForDeploymentPostprocessing = 0;
		};
		CBBA0BA725BC81E900FAF484 /* Sources */ = {
			isa = PBXSourcesBuildPhase;
			buildActionMask = 2147483647;
			files = (
				CBBA0BB025BC81E900FAF484 /* PreworkTests.swift in Sources */,
			);
			runOnlyForDeploymentPostprocessing = 0;
		};
		CBBA0BB225BC81E900FAF484 /* Sources */ = {
			isa = PBXSourcesBuildPhase;
			buildActionMask = 2147483647;
			files = (
				CBBA0BBB25BC81E900FAF484 /* PreworkUITests.swift in Sources */,
			);
			runOnlyForDeploymentPostprocessing = 0;
		};
/* End PBXSourcesBuildPhase section */

/* Begin PBXTargetDependency section */
		CBBA0BAD25BC81E900FAF484 /* PBXTargetDependency */ = {
			isa = PBXTargetDependency;
			target = CBBA0B9425BC81E800FAF484 /* Prework */;
			targetProxy = CBBA0BAC25BC81E900FAF484 /* PBXContainerItemProxy */;
		};
		CBBA0BB825BC81E900FAF484 /* PBXTargetDependency */ = {
			isa = PBXTargetDependency;
			target = CBBA0B9425BC81E800FAF484 /* Prework */;
			targetProxy = CBBA0BB725BC81E900FAF484 /* PBXContainerItemProxy */;
		};
/* End PBXTargetDependency section */

/* Begin PBXVariantGroup section */
		CBBA0B9E25BC81E800FAF484 /* Main.storyboard */ = {
			isa = PBXVariantGroup;
			children = (
				CBBA0B9F25BC81E800FAF484 /* Base */,
			);
			name = Main.storyboard;
			sourceTree = "<group>";
		};
		CBBA0BA325BC81E900FAF484 /* LaunchScreen.storyboard */ = {
			isa = PBXVariantGroup;
			children = (
				CBBA0BA425BC81E900FAF484 /* Base */,
			);
			name = LaunchScreen.storyboard;
			sourceTree = "<group>";
		};
/* End PBXVariantGroup section */

/* Begin XCBuildConfiguration section */
		CBBA0BBD25BC81E900FAF484 /* Debug */ = {
			isa = XCBuildConfiguration;
			buildSettings = {
				ALWAYS_SEARCH_USER_PATHS = NO;
				CLANG_ANALYZER_NONNULL = YES;
				CLANG_ANALYZER_NUMBER_OBJECT_CONVERSION = YES_AGGRESSIVE;
				CLANG_CXX_LANGUAGE_STANDARD = "gnu++14";
				CLANG_CXX_LIBRARY = "libc++";
				CLANG_ENABLE_MODULES = YES;
				CLANG_ENABLE_OBJC_ARC = YES;
				CLANG_ENABLE_OBJC_WEAK = YES;
				CLANG_WARN_BLOCK_CAPTURE_AUTORELEASING = YES;
				CLANG_WARN_BOOL_CONVERSION = YES;
				CLANG_WARN_COMMA = YES;
				CLANG_WARN_CONSTANT_CONVERSION = YES;
				CLANG_WARN_DEPRECATED_OBJC_IMPLEMENTATIONS = YES;
				CLANG_WARN_DIRECT_OBJC_ISA_USAGE = YES_ERROR;
				CLANG_WARN_DOCUMENTATION_COMMENTS = YES;
				CLANG_WARN_EMPTY_BODY = YES;
				CLANG_WARN_ENUM_CONVERSION = YES;
				CLANG_WARN_INFINITE_RECURSION = YES;
				CLANG_WARN_INT_CONVERSION = YES;
				CLANG_WARN_NON_LITERAL_NULL_CONVERSION = YES;
				CLANG_WARN_OBJC_IMPLICIT_RETAIN_SELF = YES;
				CLANG_WARN_OBJC_LITERAL_CONVERSION = YES;
				CLANG_WARN_OBJC_ROOT_CLASS = YES_ERROR;
				CLANG_WARN_QUOTED_INCLUDE_IN_FRAMEWORK_HEADER = YES;
				CLANG_WARN_RANGE_LOOP_ANALYSIS = YES;
				CLANG_WARN_STRICT_PROTOTYPES = YES;
				CLANG_WARN_SUSPICIOUS_MOVE = YES;
				CLANG_WARN_UNGUARDED_AVAILABILITY = YES_AGGRESSIVE;
				CLANG_WARN_UNREACHABLE_CODE = YES;
				CLANG_WARN__DUPLICATE_METHOD_MATCH = YES;
				COPY_PHASE_STRIP = NO;
				DEBUG_INFORMATION_FORMAT = dwarf;
				ENABLE_STRICT_OBJC_MSGSEND = YES;
				ENABLE_TESTABILITY = YES;
				GCC_C_LANGUAGE_STANDARD = gnu11;
				GCC_DYNAMIC_NO_PIC = NO;
				GCC_NO_COMMON_BLOCKS = YES;
				GCC_OPTIMIZATION_LEVEL = 0;
				GCC_PREPROCESSOR_DEFINITIONS = (
					"DEBUG=1",
					"$(inherited)",
				);
				GCC_WARN_64_TO_32_BIT_CONVERSION = YES;
				GCC_WARN_ABOUT_RETURN_TYPE = YES_ERROR;
				GCC_WARN_UNDECLARED_SELECTOR = YES;
				GCC_WARN_UNINITIALIZED_AUTOS = YES_AGGRESSIVE;
				GCC_WARN_UNUSED_FUNCTION = YES;
				GCC_WARN_UNUSED_VARIABLE = YES;
				IPHONEOS_DEPLOYMENT_TARGET = 14.3;
				MTL_ENABLE_DEBUG_INFO = INCLUDE_SOURCE;
				MTL_FAST_MATH = YES;
				ONLY_ACTIVE_ARCH = YES;
				SDKROOT = iphoneos;
				SWIFT_ACTIVE_COMPILATION_CONDITIONS = DEBUG;
				SWIFT_OPTIMIZATION_LEVEL = "-Onone";
			};
			name = Debug;
		};
		CBBA0BBE25BC81E900FAF484 /* Release */ = {
			isa = XCBuildConfiguration;
			buildSettings = {
				ALWAYS_SEARCH_USER_PATHS = NO;
				CLANG_ANALYZER_NONNULL = YES;
				CLANG_ANALYZER_NUMBER_OBJECT_CONVERSION = YES_AGGRESSIVE;
				CLANG_CXX_LANGUAGE_STANDARD = "gnu++14";
				CLANG_CXX_LIBRARY = "libc++";
				CLANG_ENABLE_MODULES = YES;
				CLANG_ENABLE_OBJC_ARC = YES;
				CLANG_ENABLE_OBJC_WEAK = YES;
				CLANG_WARN_BLOCK_CAPTURE_AUTORELEASING = YES;
				CLANG_WARN_BOOL_CONVERSION = YES;
				CLANG_WARN_COMMA = YES;
				CLANG_WARN_CONSTANT_CONVERSION = YES;
				CLANG_WARN_DEPRECATED_OBJC_IMPLEMENTATIONS = YES;
				CLANG_WARN_DIRECT_OBJC_ISA_USAGE = YES_ERROR;
				CLANG_WARN_DOCUMENTATION_COMMENTS = YES;
				CLANG_WARN_EMPTY_BODY = YES;
				CLANG_WARN_ENUM_CONVERSION = YES;
				CLANG_WARN_INFINITE_RECURSION = YES;
				CLANG_WARN_INT_CONVERSION = YES;
				CLANG_WARN_NON_LITERAL_NULL_CONVERSION = YES;
				CLANG_WARN_OBJC_IMPLICIT_RETAIN_SELF = YES;
				CLANG_WARN_OBJC_LITERAL_CONVERSION = YES;
				CLANG_WARN_OBJC_ROOT_CLASS = YES_ERROR;
				CLANG_WARN_QUOTED_INCLUDE_IN_FRAMEWORK_HEADER = YES;
				CLANG_WARN_RANGE_LOOP_ANALYSIS = YES;
				CLANG_WARN_STRICT_PROTOTYPES = YES;
				CLANG_WARN_SUSPICIOUS_MOVE = YES;
				CLANG_WARN_UNGUARDED_AVAILABILITY = YES_AGGRESSIVE;
				CLANG_WARN_UNREACHABLE_CODE = YES;
				CLANG_WARN__DUPLICATE_METHOD_MATCH = YES;
				COPY_PHASE_STRIP = NO;
				DEBUG_INFORMATION_FORMAT = "dwarf-with-dsym";
				ENABLE_NS_ASSERTIONS = NO;
				ENABLE_STRICT_OBJC_MSGSEND = YES;
				GCC_C_LANGUAGE_STANDARD = gnu11;
				GCC_NO_COMMON_BLOCKS = YES;
				GCC_WARN_64_TO_32_BIT_CONVERSION = YES;
				GCC_WARN_ABOUT_RETURN_TYPE = YES_ERROR;
				GCC_WARN_UNDECLARED_SELECTOR = YES;
				GCC_WARN_UNINITIALIZED_AUTOS = YES_AGGRESSIVE;
				GCC_WARN_UNUSED_FUNCTION = YES;
				GCC_WARN_UNUSED_VARIABLE = YES;
				IPHONEOS_DEPLOYMENT_TARGET = 14.3;
				MTL_ENABLE_DEBUG_INFO = NO;
				MTL_FAST_MATH = YES;
				SDKROOT = iphoneos;
				SWIFT_COMPILATION_MODE = wholemodule;
				SWIFT_OPTIMIZATION_LEVEL = "-O";
				VALIDATE_PRODUCT = YES;
			};
			name = Release;
		};
		CBBA0BC025BC81E900FAF484 /* Debug */ = {
			isa = XCBuildConfiguration;
			buildSettings = {
				ASSETCATALOG_COMPILER_APPICON_NAME = AppIcon;
				ASSETCATALOG_COMPILER_GLOBAL_ACCENT_COLOR_NAME = AccentColor;
				CODE_SIGN_STYLE = Automatic;
				INFOPLIST_FILE = Prework/Info.plist;
				LD_RUNPATH_SEARCH_PATHS = (
					"$(inherited)",
					"@executable_path/Frameworks",
				);
				PRODUCT_BUNDLE_IDENTIFIER = memo.com.Prework;
				PRODUCT_NAME = "$(TARGET_NAME)";
				SWIFT_VERSION = 5.0;
				TARGETED_DEVICE_FAMILY = "1,2";
			};
			name = Debug;
		};
		CBBA0BC125BC81E900FAF484 /* Release */ = {
			isa = XCBuildConfiguration;
			buildSettings = {
				ASSETCATALOG_COMPILER_APPICON_NAME = AppIcon;
				ASSETCATALOG_COMPILER_GLOBAL_ACCENT_COLOR_NAME = AccentColor;
				CODE_SIGN_STYLE = Automatic;
				INFOPLIST_FILE = Prework/Info.plist;
				LD_RUNPATH_SEARCH_PATHS = (
					"$(inherited)",
					"@executable_path/Frameworks",
				);
				PRODUCT_BUNDLE_IDENTIFIER = memo.com.Prework;
				PRODUCT_NAME = "$(TARGET_NAME)";
				SWIFT_VERSION = 5.0;
				TARGETED_DEVICE_FAMILY = "1,2";
			};
			name = Release;
		};
		CBBA0BC325BC81E900FAF484 /* Debug */ = {
			isa = XCBuildConfiguration;
			buildSettings = {
				ALWAYS_EMBED_SWIFT_STANDARD_LIBRARIES = YES;
				BUNDLE_LOADER = "$(TEST_HOST)";
				CODE_SIGN_STYLE = Automatic;
				INFOPLIST_FILE = PreworkTests/Info.plist;
				IPHONEOS_DEPLOYMENT_TARGET = 14.3;
				LD_RUNPATH_SEARCH_PATHS = (
					"$(inherited)",
					"@executable_path/Frameworks",
					"@loader_path/Frameworks",
				);
				PRODUCT_BUNDLE_IDENTIFIER = memo.com.PreworkTests;
				PRODUCT_NAME = "$(TARGET_NAME)";
				SWIFT_VERSION = 5.0;
				TARGETED_DEVICE_FAMILY = "1,2";
				TEST_HOST = "$(BUILT_PRODUCTS_DIR)/Prework.app/Prework";
			};
			name = Debug;
		};
		CBBA0BC425BC81E900FAF484 /* Release */ = {
			isa = XCBuildConfiguration;
			buildSettings = {
				ALWAYS_EMBED_SWIFT_STANDARD_LIBRARIES = YES;
				BUNDLE_LOADER = "$(TEST_HOST)";
				CODE_SIGN_STYLE = Automatic;
				INFOPLIST_FILE = PreworkTests/Info.plist;
				IPHONEOS_DEPLOYMENT_TARGET = 14.3;
				LD_RUNPATH_SEARCH_PATHS = (
					"$(inherited)",
					"@executable_path/Frameworks",
					"@loader_path/Frameworks",
				);
				PRODUCT_BUNDLE_IDENTIFIER = memo.com.PreworkTests;
				PRODUCT_NAME = "$(TARGET_NAME)";
				SWIFT_VERSION = 5.0;
				TARGETED_DEVICE_FAMILY = "1,2";
				TEST_HOST = "$(BUILT_PRODUCTS_DIR)/Prework.app/Prework";
			};
			name = Release;
		};
		CBBA0BC625BC81E900FAF484 /* Debug */ = {
			isa = XCBuildConfiguration;
			buildSettings = {
				ALWAYS_EMBED_SWIFT_STANDARD_LIBRARIES = YES;
				CODE_SIGN_STYLE = Automatic;
				INFOPLIST_FILE = PreworkUITests/Info.plist;
				LD_RUNPATH_SEARCH_PATHS = (
					"$(inherited)",
					"@executable_path/Frameworks",
					"@loader_path/Frameworks",
				);
				PRODUCT_BUNDLE_IDENTIFIER = memo.com.PreworkUITests;
				PRODUCT_NAME = "$(TARGET_NAME)";
				SWIFT_VERSION = 5.0;
				TARGETED_DEVICE_FAMILY = "1,2";
				TEST_TARGET_NAME = Prework;
			};
			name = Debug;
		};
		CBBA0BC725BC81E900FAF484 /* Release */ = {
			isa = XCBuildConfiguration;
			buildSettings = {
				ALWAYS_EMBED_SWIFT_STANDARD_LIBRARIES = YES;
				CODE_SIGN_STYLE = Automatic;
				INFOPLIST_FILE = PreworkUITests/Info.plist;
				LD_RUNPATH_SEARCH_PATHS = (
					"$(inherited)",
					"@executable_path/Frameworks",
					"@loader_path/Frameworks",
				);
				PRODUCT_BUNDLE_IDENTIFIER = memo.com.PreworkUITests;
				PRODUCT_NAME = "$(TARGET_NAME)";
				SWIFT_VERSION = 5.0;
				TARGETED_DEVICE_FAMILY = "1,2";
				TEST_TARGET_NAME = Prework;
			};
			name = Release;
		};
/* End XCBuildConfiguration section */

/* Begin XCConfigurationList section */
		CBBA0B9025BC81E800FAF484 /* Build configuration list for PBXProject "Prework" */ = {
			isa = XCConfigurationList;
			buildConfigurations = (
				CBBA0BBD25BC81E900FAF484 /* Debug */,
				CBBA0BBE25BC81E900FAF484 /* Release */,
			);
			defaultConfigurationIsVisible = 0;
			defaultConfigurationName = Release;
		};
		CBBA0BBF25BC81E900FAF484 /* Build configuration list for PBXNativeTarget "Prework" */ = {
			isa = XCConfigurationList;
			buildConfigurations = (
				CBBA0BC025BC81E900FAF484 /* Debug */,
				CBBA0BC125BC81E900FAF484 /* Release */,
			);
			defaultConfigurationIsVisible = 0;
			defaultConfigurationName = Release;
		};
		CBBA0BC225BC81E900FAF484 /* Build configuration list for PBXNativeTarget "PreworkTests" */ = {
			isa = XCConfigurationList;
			buildConfigurations = (
				CBBA0BC325BC81E900FAF484 /* Debug */,
				CBBA0BC425BC81E900FAF484 /* Release */,
			);
			defaultConfigurationIsVisible = 0;
			defaultConfigurationName = Release;
		};
		CBBA0BC525BC81E900FAF484 /* Build configuration list for PBXNativeTarget "PreworkUITests" */ = {
			isa = XCConfigurationList;
			buildConfigurations = (
				CBBA0BC625BC81E900FAF484 /* Debug */,
				CBBA0BC725BC81E900FAF484 /* Release */,
			);
			defaultConfigurationIsVisible = 0;
			defaultConfigurationName = Release;
		};
/* End XCConfigurationList section */
	};
	rootObject = CBBA0B8D25BC81E800FAF484 /* Project object */;
}
